
Microsoft Visual Studio Solution File, Format Version 12.00
# Visual Studio 2013
VisualStudioVersion = 12.0.30110.0
MinimumVisualStudioVersion = 10.0.40219.1
Project("{FAE04EC0-301F-11D3-BF4B-00C04F79EFBC}") = "nex", "nex\nex.csproj", "{DD8DA72D-3A6D-47A9-AE74-444DED7B758B}"
EndProject
Project("{FAE04EC0-301F-11D3-BF4B-00C04F79EFBC}") = "FilesCreator", "FilesCreator\FilesCreator.csproj", "{6852BC1B-00D0-4705-AE9A-4C6B58C447F8}"
EndProject
Global
	GlobalSection(SolutionConfigurationPlatforms) = preSolution
		Debug|Any CPU = Debug|Any CPU
		Debug|x86 = Debug|x86
		Release|Any CPU = Release|Any CPU
		Release|x86 = Release|x86
	EndGlobalSection
	GlobalSection(ProjectConfigurationPlatforms) = postSolution
		{DD8DA72D-3A6D-47A9-AE74-444DED7B758B}.Debug|Any CPU.ActiveCfg = Debug|Any CPU
		{DD8DA72D-3A6D-47A9-AE74-444DED7B758B}.Debug|Any CPU.Build.0 = Debug|Any CPU
		{DD8DA72D-3A6D-47A9-AE74-444DED7B758B}.Debug|x86.ActiveCfg = Debug|x86
		{DD8DA72D-3A6D-47A9-AE74-444DED7B758B}.Debug|x86.Build.0 = Debug|x86
		{DD8DA72D-3A6D-47A9-AE74-444DED7B758B}.Release|Any CPU.ActiveCfg = Release|x86
		{DD8DA72D-3A6D-47A9-AE74-444DED7B758B}.Release|Any CPU.Build.0 = Release|x86
		{DD8DA72D-3A6D-47A9-AE74-444DED7B758B}.Release|x86.ActiveCfg = Release|x86
		{DD8DA72D-3A6D-47A9-AE74-444DED7B758B}.Release|x86.Build.0 = Release|x86
		{6852BC1B-00D0-4705-AE9A-4C6B58C447F8}.Debug|Any CPU.ActiveCfg = Debug|Any CPU
		{6852BC1B-00D0-4705-AE9A-4C6B58C447F8}.Debug|x86.ActiveCfg = Debug|Any CPU
		{6852BC1B-00D0-4705-AE9A-4C6B58C447F8}.Release|Any CPU.ActiveCfg = Release|Any CPU
		{6852BC1B-00D0-4705-AE9A-4C6B58C447F8}.Release|Any CPU.Build.0 = Release|Any CPU
		{6852BC1B-00D0-4705-AE9A-4C6B58C447F8}.Release|x86.ActiveCfg = Release|Any CPU
	EndGlobalSection
	GlobalSection(SolutionProperties) = preSolution
		HideSolutionNode = FALSE
	EndGlobalSection
	GlobalSection(TestCaseManagementSettings) = postSolution
		CategoryFile = nex.vsmdi
	EndGlobalSection
	GlobalSection(SubversionScc) = preSolution
		Svn-Managed = True
		Manager = AnkhSVN - Subversion Support for Visual Studio
	EndGlobalSection
EndGlobal
